
Microsoft Visual Studio Solution File, Format Version 12.00
# Visual Studio Version 17
VisualStudioVersion = 17.7.34202.233
MinimumVisualStudioVersion = 10.0.40219.1
Project("{9A19103F-16F7-4668-BE54-9A1E7A4F7556}") = "X2342W_HFT_2023241.Repository", "X2342W_HFT_2023241.Repository\X2342W_HFT_2023241.Repository.csproj", "{F524F5F1-AB57-4EBE-B606-CB9720E26B89}"
EndProject
Project("{9A19103F-16F7-4668-BE54-9A1E7A4F7556}") = "X2342W_HFT_2023241.Models", "X2342W_HFT_2023241.Models\X2342W_HFT_2023241.Models.csproj", "{FA319B74-CB70-41F1-9725-A94F1B4C7381}"
EndProject
Project("{9A19103F-16F7-4668-BE54-9A1E7A4F7556}") = "X2342W_HFT_2023241.Logic", "X2342W_HFT_2023241.Logic\X2342W_HFT_2023241.Logic.csproj", "{6B2341DF-51C6-49F5-BE82-1262ADCBA8D3}"
EndProject
Project("{9A19103F-16F7-4668-BE54-9A1E7A4F7556}") = "X2342W_HFT_2023241.Test", "X2342W_HFT_2023241.Test\X2342W_HFT_2023241.Test.csproj", "{797B84F2-D74D-412E-80DA-4886C1740062}"
EndProject
Project("{9A19103F-16F7-4668-BE54-9A1E7A4F7556}") = "X2342W_HFT_2023241.Client", "X2342W_HFT_2023241.Client\X2342W_HFT_2023241.Client.csproj", "{EA26FEBD-6C1C-4687-93E4-A8A052852A46}"
EndProject
Project("{2150E333-8FDC-42A3-9474-1A3956D46DE8}") = "BackEnd", "BackEnd", "{A2AD4D03-AAC3-4F36-8A8F-3A5C8548396B}"
EndProject
Project("{2150E333-8FDC-42A3-9474-1A3956D46DE8}") = "Frontend", "Frontend", "{9F4D73B5-8D45-4E9A-9806-FE2655B7E664}"
EndProject
Project("{2150E333-8FDC-42A3-9474-1A3956D46DE8}") = "Shared", "Shared", "{61D65103-81E4-42F6-9FC2-4C405E2C4A10}"
EndProject
Project("{2150E333-8FDC-42A3-9474-1A3956D46DE8}") = "Others", "Others", "{326F34EE-B615-455C-A415-FDFE9E8774BE}"
	ProjectSection(SolutionItems) = preProject
		.gitignore = .gitignore
	EndProjectSection
EndProject
Project("{FAE04EC0-301F-11D3-BF4B-00C04F79EFBC}") = "X2342W_HFT_2023241.Endpoint", "X2342W_HFT_2023241.Endpoint\X2342W_HFT_2023241.Endpoint.csproj", "{A8C57FF1-300A-4FFA-ACFF-9CC8E3DE6297}"
EndProject
Global
	GlobalSection(SolutionConfigurationPlatforms) = preSolution
		Debug|Any CPU = Debug|Any CPU
		Release|Any CPU = Release|Any CPU
	EndGlobalSection
	GlobalSection(ProjectConfigurationPlatforms) = postSolution
		{F524F5F1-AB57-4EBE-B606-CB9720E26B89}.Debug|Any CPU.ActiveCfg = Debug|Any CPU
		{F524F5F1-AB57-4EBE-B606-CB9720E26B89}.Debug|Any CPU.Build.0 = Debug|Any CPU
		{F524F5F1-AB57-4EBE-B606-CB9720E26B89}.Release|Any CPU.ActiveCfg = Release|Any CPU
		{F524F5F1-AB57-4EBE-B606-CB9720E26B89}.Release|Any CPU.Build.0 = Release|Any CPU
		{FA319B74-CB70-41F1-9725-A94F1B4C7381}.Debug|Any CPU.ActiveCfg = Debug|Any CPU
		{FA319B74-CB70-41F1-9725-A94F1B4C7381}.Debug|Any CPU.Build.0 = Debug|Any CPU
		{FA319B74-CB70-41F1-9725-A94F1B4C7381}.Release|Any CPU.ActiveCfg = Release|Any CPU
		{FA319B74-CB70-41F1-9725-A94F1B4C7381}.Release|Any CPU.Build.0 = Release|Any CPU
		{6B2341DF-51C6-49F5-BE82-1262ADCBA8D3}.Debug|Any CPU.ActiveCfg = Debug|Any CPU
		{6B2341DF-51C6-49F5-BE82-1262ADCBA8D3}.Debug|Any CPU.Build.0 = Debug|Any CPU
		{6B2341DF-51C6-49F5-BE82-1262ADCBA8D3}.Release|Any CPU.ActiveCfg = Release|Any CPU
		{6B2341DF-51C6-49F5-BE82-1262ADCBA8D3}.Release|Any CPU.Build.0 = Release|Any CPU
		{797B84F2-D74D-412E-80DA-4886C1740062}.Debug|Any CPU.ActiveCfg = Debug|Any CPU
		{797B84F2-D74D-412E-80DA-4886C1740062}.Debug|Any CPU.Build.0 = Debug|Any CPU
		{797B84F2-D74D-412E-80DA-4886C1740062}.Release|Any CPU.ActiveCfg = Release|Any CPU
		{797B84F2-D74D-412E-80DA-4886C1740062}.Release|Any CPU.Build.0 = Release|Any CPU
		{EA26FEBD-6C1C-4687-93E4-A8A052852A46}.Debug|Any CPU.ActiveCfg = Debug|Any CPU
		{EA26FEBD-6C1C-4687-93E4-A8A052852A46}.Debug|Any CPU.Build.0 = Debug|Any CPU
		{EA26FEBD-6C1C-4687-93E4-A8A052852A46}.Release|Any CPU.ActiveCfg = Release|Any CPU
		{EA26FEBD-6C1C-4687-93E4-A8A052852A46}.Release|Any CPU.Build.0 = Release|Any CPU
		{A8C57FF1-300A-4FFA-ACFF-9CC8E3DE6297}.Debug|Any CPU.ActiveCfg = Debug|Any CPU
		{A8C57FF1-300A-4FFA-ACFF-9CC8E3DE6297}.Debug|Any CPU.Build.0 = Debug|Any CPU
		{A8C57FF1-300A-4FFA-ACFF-9CC8E3DE6297}.Release|Any CPU.ActiveCfg = Release|Any CPU
		{A8C57FF1-300A-4FFA-ACFF-9CC8E3DE6297}.Release|Any CPU.Build.0 = Release|Any CPU
	EndGlobalSection
	GlobalSection(SolutionProperties) = preSolution
		HideSolutionNode = FALSE
	EndGlobalSection
	GlobalSection(NestedProjects) = preSolution
		{F524F5F1-AB57-4EBE-B606-CB9720E26B89} = {A2AD4D03-AAC3-4F36-8A8F-3A5C8548396B}
		{FA319B74-CB70-41F1-9725-A94F1B4C7381} = {61D65103-81E4-42F6-9FC2-4C405E2C4A10}
		{6B2341DF-51C6-49F5-BE82-1262ADCBA8D3} = {A2AD4D03-AAC3-4F36-8A8F-3A5C8548396B}
		{797B84F2-D74D-412E-80DA-4886C1740062} = {A2AD4D03-AAC3-4F36-8A8F-3A5C8548396B}
		{EA26FEBD-6C1C-4687-93E4-A8A052852A46} = {9F4D73B5-8D45-4E9A-9806-FE2655B7E664}
		{A8C57FF1-300A-4FFA-ACFF-9CC8E3DE6297} = {A2AD4D03-AAC3-4F36-8A8F-3A5C8548396B}
	EndGlobalSection
	GlobalSection(ExtensibilityGlobals) = postSolution
		SolutionGuid = {E0C5E80C-E36B-486C-A27B-43A4875BC95C}
	EndGlobalSection
EndGlobal
